{
    "_meta": {
        "hash": {
            "sha256": "0fc588c6ba2c06355ec2efa1fb15d31552cf3772ab931b2f0d6ea836a0485550"
        },
        "pipfile-spec": 6,
        "requires": {
            "python_version": "3.8"
        },
        "sources": [
            {
                "name": "pypi",
                "url": "https://pypi.org/simple",
                "verify_ssl": true
            }
        ]
    },
    "default": {
        "asgiref": {
            "hashes": [
                "sha256:5ee950735509d04eb673bd7f7120f8fa1c9e2df495394992c73234d526907e17",
                "sha256:7162a3cb30ab0609f1a4c95938fd73e8604f63bdba516a7f7d64b83ff09478f0"
            ],
            "version": "==3.3.1"
        },
        "cffi": {
            "hashes": [
                "sha256:00a1ba5e2e95684448de9b89888ccd02c98d512064b4cb987d48f4b40aa0421e",
                "sha256:00e28066507bfc3fe865a31f325c8391a1ac2916219340f87dfad602c3e48e5d",
                "sha256:045d792900a75e8b1e1b0ab6787dd733a8190ffcf80e8c8ceb2fb10a29ff238a",
                "sha256:0638c3ae1a0edfb77c6765d487fee624d2b1ee1bdfeffc1f0b58c64d149e7eec",
                "sha256:105abaf8a6075dc96c1fe5ae7aae073f4696f2905fde6aeada4c9d2926752362",
                "sha256:155136b51fd733fa94e1c2ea5211dcd4c8879869008fc811648f16541bf99668",
                "sha256:1a465cbe98a7fd391d47dce4b8f7e5b921e6cd805ef421d04f5f66ba8f06086c",
                "sha256:1d2c4994f515e5b485fd6d3a73d05526aa0fcf248eb135996b088d25dfa1865b",
                "sha256:2c24d61263f511551f740d1a065eb0212db1dbbbbd241db758f5244281590c06",
                "sha256:51a8b381b16ddd370178a65360ebe15fbc1c71cf6f584613a7ea08bfad946698",
                "sha256:594234691ac0e9b770aee9fcdb8fa02c22e43e5c619456efd0d6c2bf276f3eb2",
                "sha256:5cf4be6c304ad0b6602f5c4e90e2f59b47653ac1ed9c662ed379fe48a8f26b0c",
                "sha256:64081b3f8f6f3c3de6191ec89d7dc6c86a8a43911f7ecb422c60e90c70be41c7",
                "sha256:6bc25fc545a6b3d57b5f8618e59fc13d3a3a68431e8ca5fd4c13241cd70d0009",
                "sha256:798caa2a2384b1cbe8a2a139d80734c9db54f9cc155c99d7cc92441a23871c03",
                "sha256:7c6b1dece89874d9541fc974917b631406233ea0440d0bdfbb8e03bf39a49b3b",
                "sha256:7ef7d4ced6b325e92eb4d3502946c78c5367bc416398d387b39591532536734e",
                "sha256:840793c68105fe031f34d6a086eaea153a0cd5c491cde82a74b420edd0a2b909",
                "sha256:8d6603078baf4e11edc4168a514c5ce5b3ba6e3e9c374298cb88437957960a53",
                "sha256:9cc46bc107224ff5b6d04369e7c595acb700c3613ad7bcf2e2012f62ece80c35",
                "sha256:9f7a31251289b2ab6d4012f6e83e58bc3b96bd151f5b5262467f4bb6b34a7c26",
                "sha256:9ffb888f19d54a4d4dfd4b3f29bc2c16aa4972f1c2ab9c4ab09b8ab8685b9c2b",
                "sha256:a5ed8c05548b54b998b9498753fb9cadbfd92ee88e884641377d8a8b291bcc01",
                "sha256:a7711edca4dcef1a75257b50a2fbfe92a65187c47dab5a0f1b9b332c5919a3fb",
                "sha256:af5c59122a011049aad5dd87424b8e65a80e4a6477419c0c1015f73fb5ea0293",
                "sha256:b18e0a9ef57d2b41f5c68beefa32317d286c3d6ac0484efd10d6e07491bb95dd",
                "sha256:b4e248d1087abf9f4c10f3c398896c87ce82a9856494a7155823eb45a892395d",
                "sha256:ba4e9e0ae13fc41c6b23299545e5ef73055213e466bd107953e4a013a5ddd7e3",
                "sha256:c6332685306b6417a91b1ff9fae889b3ba65c2292d64bd9245c093b1b284809d",
                "sha256:d5ff0621c88ce83a28a10d2ce719b2ee85635e85c515f12bac99a95306da4b2e",
                "sha256:d9efd8b7a3ef378dd61a1e77367f1924375befc2eba06168b6ebfa903a5e59ca",
                "sha256:df5169c4396adc04f9b0a05f13c074df878b6052430e03f50e68adf3a57aa28d",
                "sha256:ebb253464a5d0482b191274f1c8bf00e33f7e0b9c66405fbffc61ed2c839c775",
                "sha256:ec80dc47f54e6e9a78181ce05feb71a0353854cc26999db963695f950b5fb375",
                "sha256:f032b34669220030f905152045dfa27741ce1a6db3324a5bc0b96b6c7420c87b",
                "sha256:f60567825f791c6f8a592f3c6e3bd93dd2934e3f9dac189308426bd76b00ef3b",
                "sha256:f803eaa94c2fcda012c047e62bc7a51b0bdabda1cad7a92a522694ea2d76e49f"
            ],
            "version": "==1.14.4"
        },
        "cryptography": {
            "hashes": [
                "sha256:0d7b69674b738068fa6ffade5c962ecd14969690585aaca0a1b1fc9058938a72",
                "sha256:1bd0ccb0a1ed775cd7e2144fe46df9dc03eefd722bbcf587b3e0616ea4a81eff",
                "sha256:3c284fc1e504e88e51c428db9c9274f2da9f73fdf5d7e13a36b8ecb039af6e6c",
                "sha256:49570438e60f19243e7e0d504527dd5fe9b4b967b5a1ff21cc12b57602dd85d3",
                "sha256:541dd758ad49b45920dda3b5b48c968f8b2533d8981bcdb43002798d8f7a89ed",
                "sha256:5a60d3780149e13b7a6ff7ad6526b38846354d11a15e21068e57073e29e19bed",
                "sha256:7951a966613c4211b6612b0352f5bf29989955ee592c4a885d8c7d0f830d0433",
                "sha256:922f9602d67c15ade470c11d616f2b2364950602e370c76f0c94c94ae672742e",
                "sha256:a0f0b96c572fc9f25c3f4ddbf4688b9b38c69836713fb255f4a2715d93cbaf44",
                "sha256:a777c096a49d80f9d2979695b835b0f9c9edab73b59e4ceb51f19724dda887ed",
                "sha256:a9a4ac9648d39ce71c2f63fe7dc6db144b9fa567ddfc48b9fde1b54483d26042",
                "sha256:aa4969f24d536ae2268c902b2c3d62ab464b5a66bcb247630d208a79a8098e9b",
                "sha256:c7390f9b2119b2b43160abb34f63277a638504ef8df99f11cb52c1fda66a2e6f",
                "sha256:e18e6ab84dfb0ab997faf8cca25a86ff15dfea4027b986322026cc99e0a892da"
            ],
            "index": "pypi",
            "version": "==3.3.2"
        },
        "django": {
            "hashes": [
                "sha256:5052b34b34b3425233c682e0e11d658fd6efd587d11335a0203d827224ada8f2",
                "sha256:e1630333248c9b3d4e38f02093a26f1e07b271ca896d73097457996e0fae12e8"
            ],
            "index": "pypi",
            "version": "==3.0.7"
        },
        "django-rest-knox": {
            "hashes": [
                "sha256:4a57b05b04fcccc41fcc969ad0e3f180467d7045b45003b58f5a437d6d3370d4",
                "sha256:e4ac93e6d7dd63af5b58ff19d7f197788a874e932464d77db5630f185365eac0",
                "sha256:f7dac2f7a6ece7c1bd331bdb01dc3d16e0b340f3d1001a7285cc13b171d539a3"
            ],
            "index": "pypi",
            "version": "==4.1.0"
        },
        "djangorestframework": {
            "hashes": [
                "sha256:05809fc66e1c997fd9a32ea5730d9f4ba28b109b9da71fccfa5ff241201fd0a4",
                "sha256:e782087823c47a26826ee5b6fa0c542968219263fb3976ec3c31edab23a4001f"
            ],
            "index": "pypi",
            "version": "==3.11.0"
        },
        "numpy": {
            "hashes": [
                "sha256:032be656d89bbf786d743fee11d01ef318b0781281241997558fa7950028dd29",
                "sha256:104f5e90b143dbf298361a99ac1af4cf59131218a045ebf4ee5990b83cff5fab",
                "sha256:125a0e10ddd99a874fd357bfa1b636cd58deb78ba4a30b5ddb09f645c3512e04",
                "sha256:12e4ba5c6420917571f1a5becc9338abbde71dd811ce40b37ba62dec7b39af6d",
                "sha256:13adf545732bb23a796914fe5f891a12bd74cf3d2986eed7b7eba2941eea1590",
                "sha256:2d7e27442599104ee08f4faed56bb87c55f8b10a5494ac2ead5c98a4b289e61f",
                "sha256:3bc63486a870294683980d76ec1e3efc786295ae00128f9ea38e2c6e74d5a60a",
                "sha256:3d3087e24e354c18fb35c454026af3ed8997cfd4997765266897c68d724e4845",
                "sha256:4ed8e96dc146e12c1c5cdd6fb9fd0757f2ba66048bf94c5126b7efebd12d0090",
                "sha256:60759ab15c94dd0e1ed88241fd4fa3312db4e91d2c8f5a2d4cf3863fad83d65b",
                "sha256:65410c7f4398a0047eea5cca9b74009ea61178efd78d1be9847fac1d6716ec1e",
                "sha256:66b467adfcf628f66ea4ac6430ded0614f5cc06ba530d09571ea404789064adc",
                "sha256:7199109fa46277be503393be9250b983f325880766f847885607d9b13848f257",
                "sha256:72251e43ac426ff98ea802a931922c79b8d7596480300eb9f1b1e45e0543571e",
                "sha256:89e5336f2bec0c726ac7e7cdae181b325a9c0ee24e604704ed830d241c5e47ff",
                "sha256:89f937b13b8dd17b0099c7c2e22066883c86ca1575a975f754babc8fbf8d69a9",
                "sha256:9c94cab5054bad82a70b2e77741271790304651d584e2cdfe2041488e753863b",
                "sha256:9eb551d122fadca7774b97db8a112b77231dcccda8e91a5bc99e79890797175e",
                "sha256:a1d7995d1023335e67fb070b2fae6f5968f5be3802b15ad6d79d81ecaa014fe0",
                "sha256:ae61f02b84a0211abb56462a3b6cd1e7ec39d466d3160eb4e1da8bf6717cdbeb",
                "sha256:b9410c0b6fed4a22554f072a86c361e417f0258838957b78bd063bde2c7f841f",
                "sha256:c26287dfc888cf1e65181f39ea75e11f42ffc4f4529e5bd19add57ad458996e2",
                "sha256:c91ec9569facd4757ade0888371eced2ecf49e7982ce5634cc2cf4e7331a4b14",
                "sha256:ecb5b74c702358cdc21268ff4c37f7466357871f53a30e6f84c686952bef16a9"
            ],
            "version": "==1.20.1"
        },
        "pandas": {
            "hashes": [
                "sha256:18d91a9199d1dfaa01ad645f7540370ba630bdcef09daaf9edf45b4b1bca0232",
                "sha256:3f26e5da310a0c0b83ea50da1fd397de2640b02b424aa69be7e0784228f656c9",
                "sha256:4182e32f4456d2c64619e97c58571fa5ca0993d1e8c2d9ca44916185e1726e15",
                "sha256:426e590e2eb0e60f765271d668a30cf38b582eaae5ec9b31229c8c3c10c5bc21",
                "sha256:5eb934a8f0dc358f0e0cdf314072286bbac74e4c124b64371395e94644d5d919",
                "sha256:717928808043d3ea55b9bcde636d4a52d2236c246f6df464163a66ff59980ad8",
                "sha256:8145f97c5ed71827a6ec98ceaef35afed1377e2d19c4078f324d209ff253ecb5",
                "sha256:8744c84c914dcc59cbbb2943b32b7664df1039d99e834e1034a3372acb89ea4d",
                "sha256:c1ac1d9590d0c9314ebf01591bd40d4c03d710bfc84a3889e5263c97d7891dee",
                "sha256:cb2e197b7b0687becb026b84d3c242482f20cbb29a9981e43604eb67576da9f6",
                "sha256:d4001b71ad2c9b84ff18b182cea22b7b6cbf624216da3ea06fb7af28d1f93165",
                "sha256:d8930772adccb2882989ab1493fa74bd87d47c8ac7417f5dd3dd834ba8c24dc9",
                "sha256:dfbb0173ee2399bc4ed3caf2d236e5c0092f948aafd0a15fbe4a0e77ee61a958",
                "sha256:eebfbba048f4fa8ac711b22c78516e16ff8117d05a580e7eeef6b0c2be554c18",
                "sha256:f1b21bc5cf3dbea53d33615d1ead892dfdae9d7052fa8898083bec88be20dcd2"
            ],
            "index": "pypi",
            "version": "==0.25.1"
        },
        "pycparser": {
            "hashes": [
                "sha256:2d475327684562c3a96cc71adf7dc8c4f0565175cf86b6d7a404ff4c771f15f0",
                "sha256:7582ad22678f0fcd81102833f60ef8d0e57288b6b5fb00323d101be910e35705"
            ],
            "version": "==2.20"
        },
        "python-dateutil": {
            "hashes": [
                "sha256:73ebfe9dbf22e832286dafa60473e4cd239f8592f699aa5adaf10050e6e1823c",
                "sha256:75bb3f31ea686f1197762692a9ee6a7550b59fc6ca3a1f4b5d7e32fb98e2da2a"
            ],
            "version": "==2.8.1"
        },
        "pytz": {
            "hashes": [
                "sha256:83a4a90894bf38e243cf052c8b58f381bfe9a7a483f6a9cab140bc7f702ac4da",
                "sha256:eb10ce3e7736052ed3623d49975ce333bcd712c7bb19a58b9e2089d4057d0798"
            ],
            "version": "==2021.1"
        },
        "six": {
            "hashes": [
                "sha256:30639c035cdb23534cd4aa2dd52c3bf48f06e5f4a941509c8bafd8ce11080259",
                "sha256:8b74bedcbbbaca38ff6d7491d76f2b06b3592611af620f8426e82dddb04a5ced"
            ],
            "version": "==1.15.0"
        },
        "sqlparse": {
            "hashes": [
                "sha256:017cde379adbd6a1f15a61873f43e8274179378e95ef3fede90b5aa64d304ed0",
                "sha256:0f91fd2e829c44362cbcfab3e9ae12e22badaa8a29ad5ff599f9ec109f0454e8"
            ],
            "version": "==0.4.1"
        }
    },
    "develop": {}
}
